
Microsoft Visual Studio Solution File, Format Version 12.00
# Visual Studio Version 17
VisualStudioVersion = 17.11.35327.3
MinimumVisualStudioVersion = 10.0.40219.1
Project("{9A19103F-16F7-4668-BE54-9A1E7A4F7556}") = "Laba2", "Laba2\Laba2.csproj", "{26FB0C4F-B008-4ED0-BA06-3D6C6E5329D8}"
EndProject
Project("{9A19103F-16F7-4668-BE54-9A1E7A4F7556}") = "Laba4", "Laba4\Laba4.csproj", "{B814F6F0-BF94-4CE8-A66C-3D3E3E9AC62B}"
EndProject
Project("{9A19103F-16F7-4668-BE54-9A1E7A4F7556}") = "Laba1", "Laba1\Laba1.csproj", "{CEC18FC4-FBEE-4C7B-AAF0-7E3152EDB57D}"
EndProject
Project("{9A19103F-16F7-4668-BE54-9A1E7A4F7556}") = "Laba3", "Laba3\Laba3.csproj", "{E3FA5D77-27CF-4ED7-8335-0DAB76F74C41}"
EndProject
Project("{9A19103F-16F7-4668-BE54-9A1E7A4F7556}") = "Laba5", "Laba5\Laba5.csproj", "{3BBA9BC1-B018-440C-9976-5E79420EE28C}"
EndProject
Project("{9A19103F-16F7-4668-BE54-9A1E7A4F7556}") = "Laba6", "Laba6\Laba6.csproj", "{1A947966-F013-4D84-AA73-D78737EE0D8F}"
EndProject
Project("{FAE04EC0-301F-11D3-BF4B-00C04F79EFBC}") = "Laba7", "Laba7\Laba7.csproj", "{E6A835E5-84C0-4CA1-B5CE-9CC73C3CCBF1}"
EndProject
Project("{FAE04EC0-301F-11D3-BF4B-00C04F79EFBC}") = "Laba9", "Laba9\Laba9.csproj", "{AE77B110-CA6A-4A0F-9E77-1C36F018D8B6}"
EndProject
Global
	GlobalSection(SolutionConfigurationPlatforms) = preSolution
		Debug|Any CPU = Debug|Any CPU
		Release|Any CPU = Release|Any CPU
	EndGlobalSection
	GlobalSection(ProjectConfigurationPlatforms) = postSolution
		{26FB0C4F-B008-4ED0-BA06-3D6C6E5329D8}.Debug|Any CPU.ActiveCfg = Debug|Any CPU
		{26FB0C4F-B008-4ED0-BA06-3D6C6E5329D8}.Debug|Any CPU.Build.0 = Debug|Any CPU
		{26FB0C4F-B008-4ED0-BA06-3D6C6E5329D8}.Release|Any CPU.ActiveCfg = Release|Any CPU
		{26FB0C4F-B008-4ED0-BA06-3D6C6E5329D8}.Release|Any CPU.Build.0 = Release|Any CPU
		{B814F6F0-BF94-4CE8-A66C-3D3E3E9AC62B}.Debug|Any CPU.ActiveCfg = Debug|Any CPU
		{B814F6F0-BF94-4CE8-A66C-3D3E3E9AC62B}.Debug|Any CPU.Build.0 = Debug|Any CPU
		{B814F6F0-BF94-4CE8-A66C-3D3E3E9AC62B}.Release|Any CPU.ActiveCfg = Release|Any CPU
		{B814F6F0-BF94-4CE8-A66C-3D3E3E9AC62B}.Release|Any CPU.Build.0 = Release|Any CPU
		{CEC18FC4-FBEE-4C7B-AAF0-7E3152EDB57D}.Debug|Any CPU.ActiveCfg = Debug|Any CPU
		{CEC18FC4-FBEE-4C7B-AAF0-7E3152EDB57D}.Debug|Any CPU.Build.0 = Debug|Any CPU
		{CEC18FC4-FBEE-4C7B-AAF0-7E3152EDB57D}.Release|Any CPU.ActiveCfg = Release|Any CPU
		{CEC18FC4-FBEE-4C7B-AAF0-7E3152EDB57D}.Release|Any CPU.Build.0 = Release|Any CPU
		{E3FA5D77-27CF-4ED7-8335-0DAB76F74C41}.Debug|Any CPU.ActiveCfg = Debug|Any CPU
		{E3FA5D77-27CF-4ED7-8335-0DAB76F74C41}.Debug|Any CPU.Build.0 = Debug|Any CPU
		{E3FA5D77-27CF-4ED7-8335-0DAB76F74C41}.Release|Any CPU.ActiveCfg = Release|Any CPU
		{E3FA5D77-27CF-4ED7-8335-0DAB76F74C41}.Release|Any CPU.Build.0 = Release|Any CPU
		{3BBA9BC1-B018-440C-9976-5E79420EE28C}.Debug|Any CPU.ActiveCfg = Debug|Any CPU
		{3BBA9BC1-B018-440C-9976-5E79420EE28C}.Debug|Any CPU.Build.0 = Debug|Any CPU
		{3BBA9BC1-B018-440C-9976-5E79420EE28C}.Release|Any CPU.ActiveCfg = Release|Any CPU
		{3BBA9BC1-B018-440C-9976-5E79420EE28C}.Release|Any CPU.Build.0 = Release|Any CPU
		{1A947966-F013-4D84-AA73-D78737EE0D8F}.Debug|Any CPU.ActiveCfg = Debug|Any CPU
		{1A947966-F013-4D84-AA73-D78737EE0D8F}.Debug|Any CPU.Build.0 = Debug|Any CPU
		{1A947966-F013-4D84-AA73-D78737EE0D8F}.Release|Any CPU.ActiveCfg = Release|Any CPU
		{1A947966-F013-4D84-AA73-D78737EE0D8F}.Release|Any CPU.Build.0 = Release|Any CPU
		{E6A835E5-84C0-4CA1-B5CE-9CC73C3CCBF1}.Debug|Any CPU.ActiveCfg = Debug|Any CPU
		{E6A835E5-84C0-4CA1-B5CE-9CC73C3CCBF1}.Debug|Any CPU.Build.0 = Debug|Any CPU
		{E6A835E5-84C0-4CA1-B5CE-9CC73C3CCBF1}.Release|Any CPU.ActiveCfg = Release|Any CPU
		{E6A835E5-84C0-4CA1-B5CE-9CC73C3CCBF1}.Release|Any CPU.Build.0 = Release|Any CPU
		{AE77B110-CA6A-4A0F-9E77-1C36F018D8B6}.Debug|Any CPU.ActiveCfg = Debug|Any CPU
		{AE77B110-CA6A-4A0F-9E77-1C36F018D8B6}.Debug|Any CPU.Build.0 = Debug|Any CPU
		{AE77B110-CA6A-4A0F-9E77-1C36F018D8B6}.Release|Any CPU.ActiveCfg = Release|Any CPU
		{AE77B110-CA6A-4A0F-9E77-1C36F018D8B6}.Release|Any CPU.Build.0 = Release|Any CPU
	EndGlobalSection
	GlobalSection(SolutionProperties) = preSolution
		HideSolutionNode = FALSE
	EndGlobalSection
	GlobalSection(ExtensibilityGlobals) = postSolution
		SolutionGuid = {B5CF26CD-F133-44BA-9C9A-3B6CA3ACE648}
	EndGlobalSection
EndGlobal
